// !$*UTF8*$!
{
	archiveVersion = 1;
	classes = {
	};
	objectVersion = 56;
	objects = {

/* Begin PBXBuildFile section */
		FA91466E2965D234000B7A2B /* AppDelegate.swift in Sources */ = {isa = PBXBuildFile; fileRef = FA91466D2965D234000B7A2B /* AppDelegate.swift */; };
		FA9146702965D234000B7A2B /* SceneDelegate.swift in Sources */ = {isa = PBXBuildFile; fileRef = FA91466F2965D234000B7A2B /* SceneDelegate.swift */; };
		FA9146722965D234000B7A2B /* RMTabViewController.swift in Sources */ = {isa = PBXBuildFile; fileRef = FA9146712965D234000B7A2B /* RMTabViewController.swift */; };
		FA9146772965D236000B7A2B /* Assets.xcassets in Resources */ = {isa = PBXBuildFile; fileRef = FA9146762965D236000B7A2B /* Assets.xcassets */; };
		FA91467A2965D236000B7A2B /* LaunchScreen.storyboard in Resources */ = {isa = PBXBuildFile; fileRef = FA9146782965D236000B7A2B /* LaunchScreen.storyboard */; };
		FA9146892965D409000B7A2B /* RMLocation.swift in Sources */ = {isa = PBXBuildFile; fileRef = FA9146882965D409000B7A2B /* RMLocation.swift */; };
		FA91468B2965D42B000B7A2B /* RMCharacter.swift in Sources */ = {isa = PBXBuildFile; fileRef = FA91468A2965D42B000B7A2B /* RMCharacter.swift */; };
		FA91468D2965D433000B7A2B /* RMEpisode.swift in Sources */ = {isa = PBXBuildFile; fileRef = FA91468C2965D433000B7A2B /* RMEpisode.swift */; };
		FA9146902965D4A7000B7A2B /* RMCharactersViewController.swift in Sources */ = {isa = PBXBuildFile; fileRef = FA91468F2965D4A7000B7A2B /* RMCharactersViewController.swift */; };
		FA9146922965D4C4000B7A2B /* RMLocationsViewController.swift in Sources */ = {isa = PBXBuildFile; fileRef = FA9146912965D4C4000B7A2B /* RMLocationsViewController.swift */; };
		FA9146942965D4D2000B7A2B /* RMEpisodesViewController.swift in Sources */ = {isa = PBXBuildFile; fileRef = FA9146932965D4D2000B7A2B /* RMEpisodesViewController.swift */; };
		FA9146962965D4E3000B7A2B /* RMSettingsViewController.swift in Sources */ = {isa = PBXBuildFile; fileRef = FA9146952965D4E3000B7A2B /* RMSettingsViewController.swift */; };
		FA9EE8A02966CC4B006F35CF /* RMService.swift in Sources */ = {isa = PBXBuildFile; fileRef = FA9EE89F2966CC4B006F35CF /* RMService.swift */; };
		FA9EE8A22966CC5B006F35CF /* RMRequest.swift in Sources */ = {isa = PBXBuildFile; fileRef = FA9EE8A12966CC5B006F35CF /* RMRequest.swift */; };
		FA9EE8A42966CCD2006F35CF /* RMEndpoint.swift in Sources */ = {isa = PBXBuildFile; fileRef = FA9EE8A32966CCD2006F35CF /* RMEndpoint.swift */; };
		FAEB269829671B2600DD4B36 /* RMOrigin.swift in Sources */ = {isa = PBXBuildFile; fileRef = FAEB269729671B2600DD4B36 /* RMOrigin.swift */; };
		FAEB269A29671BA700DD4B36 /* RMSingleLocation.swift in Sources */ = {isa = PBXBuildFile; fileRef = FAEB269929671BA700DD4B36 /* RMSingleLocation.swift */; };
		FAEB269C29671CA300DD4B36 /* RMCharacterStatus.swift in Sources */ = {isa = PBXBuildFile; fileRef = FAEB269B29671CA300DD4B36 /* RMCharacterStatus.swift */; };
		FAEB269E29671D3C00DD4B36 /* RMCharacterGender.swift in Sources */ = {isa = PBXBuildFile; fileRef = FAEB269D29671D3C00DD4B36 /* RMCharacterGender.swift */; };
		FAEB26A2296836BA00DD4B36 /* RMGetAllCharactersResponse.swift in Sources */ = {isa = PBXBuildFile; fileRef = FAEB26A1296836BA00DD4B36 /* RMGetAllCharactersResponse.swift */; };
		FAEB26A42968449E00DD4B36 /* RMCharacterListViewModel.swift in Sources */ = {isa = PBXBuildFile; fileRef = FAEB26A32968449E00DD4B36 /* RMCharacterListViewModel.swift */; };
		FAEB26A62968452F00DD4B36 /* RMCharacterListView.swift in Sources */ = {isa = PBXBuildFile; fileRef = FAEB26A52968452F00DD4B36 /* RMCharacterListView.swift */; };
		FAEB26A8296849C900DD4B36 /* Extensions.swift in Sources */ = {isa = PBXBuildFile; fileRef = FAEB26A7296849C900DD4B36 /* Extensions.swift */; };
		FAEB26AA296855C400DD4B36 /* RMCharacterCollectionViewCell.swift in Sources */ = {isa = PBXBuildFile; fileRef = FAEB26A9296855C400DD4B36 /* RMCharacterCollectionViewCell.swift */; };
		FAEB26AC296856C300DD4B36 /* RMCharacterCollectionViewCellViewModel.swift in Sources */ = {isa = PBXBuildFile; fileRef = FAEB26AB296856C300DD4B36 /* RMCharacterCollectionViewCellViewModel.swift */; };
/* End PBXBuildFile section */

/* Begin PBXFileReference section */
		FA91466A2965D234000B7A2B /* RickAndMorty.app */ = {isa = PBXFileReference; explicitFileType = wrapper.application; includeInIndex = 0; path = RickAndMorty.app; sourceTree = BUILT_PRODUCTS_DIR; };
		FA91466D2965D234000B7A2B /* AppDelegate.swift */ = {isa = PBXFileReference; lastKnownFileType = sourcecode.swift; path = AppDelegate.swift; sourceTree = "<group>"; };
		FA91466F2965D234000B7A2B /* SceneDelegate.swift */ = {isa = PBXFileReference; lastKnownFileType = sourcecode.swift; path = SceneDelegate.swift; sourceTree = "<group>"; };
		FA9146712965D234000B7A2B /* RMTabViewController.swift */ = {isa = PBXFileReference; lastKnownFileType = sourcecode.swift; path = RMTabViewController.swift; sourceTree = "<group>"; };
		FA9146762965D236000B7A2B /* Assets.xcassets */ = {isa = PBXFileReference; lastKnownFileType = folder.assetcatalog; path = Assets.xcassets; sourceTree = "<group>"; };
		FA9146792965D236000B7A2B /* Base */ = {isa = PBXFileReference; lastKnownFileType = file.storyboard; name = Base; path = Base.lproj/LaunchScreen.storyboard; sourceTree = "<group>"; };
		FA91467B2965D236000B7A2B /* Info.plist */ = {isa = PBXFileReference; lastKnownFileType = text.plist.xml; path = Info.plist; sourceTree = "<group>"; };
		FA9146882965D409000B7A2B /* RMLocation.swift */ = {isa = PBXFileReference; lastKnownFileType = sourcecode.swift; path = RMLocation.swift; sourceTree = "<group>"; };
		FA91468A2965D42B000B7A2B /* RMCharacter.swift */ = {isa = PBXFileReference; lastKnownFileType = sourcecode.swift; path = RMCharacter.swift; sourceTree = "<group>"; };
		FA91468C2965D433000B7A2B /* RMEpisode.swift */ = {isa = PBXFileReference; lastKnownFileType = sourcecode.swift; path = RMEpisode.swift; sourceTree = "<group>"; };
		FA91468F2965D4A7000B7A2B /* RMCharactersViewController.swift */ = {isa = PBXFileReference; lastKnownFileType = sourcecode.swift; path = RMCharactersViewController.swift; sourceTree = "<group>"; };
		FA9146912965D4C4000B7A2B /* RMLocationsViewController.swift */ = {isa = PBXFileReference; lastKnownFileType = sourcecode.swift; path = RMLocationsViewController.swift; sourceTree = "<group>"; };
		FA9146932965D4D2000B7A2B /* RMEpisodesViewController.swift */ = {isa = PBXFileReference; lastKnownFileType = sourcecode.swift; path = RMEpisodesViewController.swift; sourceTree = "<group>"; };
		FA9146952965D4E3000B7A2B /* RMSettingsViewController.swift */ = {isa = PBXFileReference; lastKnownFileType = sourcecode.swift; path = RMSettingsViewController.swift; sourceTree = "<group>"; };
		FA9EE89F2966CC4B006F35CF /* RMService.swift */ = {isa = PBXFileReference; lastKnownFileType = sourcecode.swift; name = RMService.swift; path = ../../../../../../Documents/RMService.swift; sourceTree = "<group>"; };
		FA9EE8A12966CC5B006F35CF /* RMRequest.swift */ = {isa = PBXFileReference; lastKnownFileType = sourcecode.swift; path = RMRequest.swift; sourceTree = "<group>"; };
		FA9EE8A32966CCD2006F35CF /* RMEndpoint.swift */ = {isa = PBXFileReference; lastKnownFileType = sourcecode.swift; path = RMEndpoint.swift; sourceTree = "<group>"; };
		FAEB269729671B2600DD4B36 /* RMOrigin.swift */ = {isa = PBXFileReference; lastKnownFileType = sourcecode.swift; path = RMOrigin.swift; sourceTree = "<group>"; };
		FAEB269929671BA700DD4B36 /* RMSingleLocation.swift */ = {isa = PBXFileReference; lastKnownFileType = sourcecode.swift; path = RMSingleLocation.swift; sourceTree = "<group>"; };
		FAEB269B29671CA300DD4B36 /* RMCharacterStatus.swift */ = {isa = PBXFileReference; lastKnownFileType = sourcecode.swift; path = RMCharacterStatus.swift; sourceTree = "<group>"; };
		FAEB269D29671D3C00DD4B36 /* RMCharacterGender.swift */ = {isa = PBXFileReference; lastKnownFileType = sourcecode.swift; path = RMCharacterGender.swift; sourceTree = "<group>"; };
		FAEB26A1296836BA00DD4B36 /* RMGetAllCharactersResponse.swift */ = {isa = PBXFileReference; lastKnownFileType = sourcecode.swift; path = RMGetAllCharactersResponse.swift; sourceTree = "<group>"; };
		FAEB26A32968449E00DD4B36 /* RMCharacterListViewModel.swift */ = {isa = PBXFileReference; lastKnownFileType = sourcecode.swift; path = RMCharacterListViewModel.swift; sourceTree = "<group>"; };
		FAEB26A52968452F00DD4B36 /* RMCharacterListView.swift */ = {isa = PBXFileReference; lastKnownFileType = sourcecode.swift; path = RMCharacterListView.swift; sourceTree = "<group>"; };
		FAEB26A7296849C900DD4B36 /* Extensions.swift */ = {isa = PBXFileReference; lastKnownFileType = sourcecode.swift; path = Extensions.swift; sourceTree = "<group>"; };
		FAEB26A9296855C400DD4B36 /* RMCharacterCollectionViewCell.swift */ = {isa = PBXFileReference; lastKnownFileType = sourcecode.swift; path = RMCharacterCollectionViewCell.swift; sourceTree = "<group>"; };
		FAEB26AB296856C300DD4B36 /* RMCharacterCollectionViewCellViewModel.swift */ = {isa = PBXFileReference; lastKnownFileType = sourcecode.swift; path = RMCharacterCollectionViewCellViewModel.swift; sourceTree = "<group>"; };
/* End PBXFileReference section */

/* Begin PBXFrameworksBuildPhase section */
		FA9146672965D234000B7A2B /* Frameworks */ = {
			isa = PBXFrameworksBuildPhase;
			buildActionMask = 2147483647;
			files = (
			);
			runOnlyForDeploymentPostprocessing = 0;
		};
/* End PBXFrameworksBuildPhase section */

/* Begin PBXGroup section */
		FA9146612965D234000B7A2B = {
			isa = PBXGroup;
			children = (
				FA91466C2965D234000B7A2B /* RickAndMorty */,
				FA91466B2965D234000B7A2B /* Products */,
			);
			sourceTree = "<group>";
		};
		FA91466B2965D234000B7A2B /* Products */ = {
			isa = PBXGroup;
			children = (
				FA91466A2965D234000B7A2B /* RickAndMorty.app */,
			);
			name = Products;
			sourceTree = "<group>";
		};
		FA91466C2965D234000B7A2B /* RickAndMorty */ = {
			isa = PBXGroup;
			children = (
				FA9146872965D3AE000B7A2B /* Resources */,
				FA9146862965D3A7000B7A2B /* APIClient */,
				FA9146852965D39E000B7A2B /* Managers */,
				FA9146842965D395000B7A2B /* ViewModels */,
				FA9146832965D390000B7A2B /* Views */,
				FA9146822965D38A000B7A2B /* Models */,
				FA9146812965D37F000B7A2B /* Controllers */,
			);
			path = RickAndMorty;
			sourceTree = "<group>";
		};
		FA9146812965D37F000B7A2B /* Controllers */ = {
			isa = PBXGroup;
			children = (
				FA91468E2965D47E000B7A2B /* Core */,
			);
			path = Controllers;
			sourceTree = "<group>";
		};
		FA9146822965D38A000B7A2B /* Models */ = {
			isa = PBXGroup;
			children = (
				FAEB26A0296836A700DD4B36 /* APIResponseTypes */,
				FAEB269F2968366A00DD4B36 /* DataTypes */,
			);
			path = Models;
			sourceTree = "<group>";
		};
		FA9146832965D390000B7A2B /* Views */ = {
			isa = PBXGroup;
			children = (
				FAEB26A52968452F00DD4B36 /* RMCharacterListView.swift */,
				FAEB26A9296855C400DD4B36 /* RMCharacterCollectionViewCell.swift */,
			);
			path = Views;
			sourceTree = "<group>";
		};
		FA9146842965D395000B7A2B /* ViewModels */ = {
			isa = PBXGroup;
			children = (
				FAEB26A32968449E00DD4B36 /* RMCharacterListViewModel.swift */,
				FAEB26AB296856C300DD4B36 /* RMCharacterCollectionViewCellViewModel.swift */,
			);
			name = ViewModels;
			sourceTree = "<group>";
		};
		FA9146852965D39E000B7A2B /* Managers */ = {
			isa = PBXGroup;
			children = (
			);
			path = Managers;
			sourceTree = "<group>";
		};
		FA9146862965D3A7000B7A2B /* APIClient */ = {
			isa = PBXGroup;
			children = (
				FA9EE89F2966CC4B006F35CF /* RMService.swift */,
				FA9EE8A12966CC5B006F35CF /* RMRequest.swift */,
				FA9EE8A32966CCD2006F35CF /* RMEndpoint.swift */,
			);
			path = APIClient;
			sourceTree = "<group>";
		};
		FA9146872965D3AE000B7A2B /* Resources */ = {
			isa = PBXGroup;
			children = (
				FA91466D2965D234000B7A2B /* AppDelegate.swift */,
				FA91466F2965D234000B7A2B /* SceneDelegate.swift */,
				FA9146762965D236000B7A2B /* Assets.xcassets */,
				FA9146782965D236000B7A2B /* LaunchScreen.storyboard */,
				FA91467B2965D236000B7A2B /* Info.plist */,
				FAEB26A7296849C900DD4B36 /* Extensions.swift */,
			);
			path = Resources;
			sourceTree = "<group>";
		};
		FA91468E2965D47E000B7A2B /* Core */ = {
			isa = PBXGroup;
			children = (
				FA9146712965D234000B7A2B /* RMTabViewController.swift */,
				FA91468F2965D4A7000B7A2B /* RMCharactersViewController.swift */,
				FA9146912965D4C4000B7A2B /* RMLocationsViewController.swift */,
				FA9146932965D4D2000B7A2B /* RMEpisodesViewController.swift */,
				FA9146952965D4E3000B7A2B /* RMSettingsViewController.swift */,
			);
			path = Core;
			sourceTree = "<group>";
		};
		FAEB269F2968366A00DD4B36 /* DataTypes */ = {
			isa = PBXGroup;
			children = (
				FA9146882965D409000B7A2B /* RMLocation.swift */,
				FA91468A2965D42B000B7A2B /* RMCharacter.swift */,
				FA91468C2965D433000B7A2B /* RMEpisode.swift */,
				FAEB269729671B2600DD4B36 /* RMOrigin.swift */,
				FAEB269929671BA700DD4B36 /* RMSingleLocation.swift */,
				FAEB269B29671CA300DD4B36 /* RMCharacterStatus.swift */,
				FAEB269D29671D3C00DD4B36 /* RMCharacterGender.swift */,
			);
			path = DataTypes;
			sourceTree = "<group>";
		};
		FAEB26A0296836A700DD4B36 /* APIResponseTypes */ = {
			isa = PBXGroup;
			children = (
				FAEB26A1296836BA00DD4B36 /* RMGetAllCharactersResponse.swift */,
			);
			path = APIResponseTypes;
			sourceTree = "<group>";
		};
/* End PBXGroup section */

/* Begin PBXNativeTarget section */
		FA9146692965D234000B7A2B /* RickAndMorty */ = {
			isa = PBXNativeTarget;
			buildConfigurationList = FA91467E2965D236000B7A2B /* Build configuration list for PBXNativeTarget "RickAndMorty" */;
			buildPhases = (
				FA9146662965D234000B7A2B /* Sources */,
				FA9146672965D234000B7A2B /* Frameworks */,
				FA9146682965D234000B7A2B /* Resources */,
			);
			buildRules = (
			);
			dependencies = (
			);
			name = RickAndMorty;
			productName = RickAndMorty;
			productReference = FA91466A2965D234000B7A2B /* RickAndMorty.app */;
			productType = "com.apple.product-type.application";
		};
/* End PBXNativeTarget section */

/* Begin PBXProject section */
		FA9146622965D234000B7A2B /* Project object */ = {
			isa = PBXProject;
			attributes = {
				BuildIndependentTargetsInParallel = 1;
				LastSwiftUpdateCheck = 1400;
				LastUpgradeCheck = 1400;
				TargetAttributes = {
					FA9146692965D234000B7A2B = {
						CreatedOnToolsVersion = 14.0.1;
					};
				};
			};
			buildConfigurationList = FA9146652965D234000B7A2B /* Build configuration list for PBXProject "RickAndMorty" */;
			compatibilityVersion = "Xcode 14.0";
			developmentRegion = en;
			hasScannedForEncodings = 0;
			knownRegions = (
				en,
				Base,
			);
			mainGroup = FA9146612965D234000B7A2B;
			productRefGroup = FA91466B2965D234000B7A2B /* Products */;
			projectDirPath = "";
			projectRoot = "";
			targets = (
				FA9146692965D234000B7A2B /* RickAndMorty */,
			);
		};
/* End PBXProject section */

/* Begin PBXResourcesBuildPhase section */
		FA9146682965D234000B7A2B /* Resources */ = {
			isa = PBXResourcesBuildPhase;
			buildActionMask = 2147483647;
			files = (
				FA91467A2965D236000B7A2B /* LaunchScreen.storyboard in Resources */,
				FA9146772965D236000B7A2B /* Assets.xcassets in Resources */,
			);
			runOnlyForDeploymentPostprocessing = 0;
		};
/* End PBXResourcesBuildPhase section */

/* Begin PBXSourcesBuildPhase section */
		FA9146662965D234000B7A2B /* Sources */ = {
			isa = PBXSourcesBuildPhase;
			buildActionMask = 2147483647;
			files = (
				FA9146922965D4C4000B7A2B /* RMLocationsViewController.swift in Sources */,
				FAEB269A29671BA700DD4B36 /* RMSingleLocation.swift in Sources */,
				FAEB269C29671CA300DD4B36 /* RMCharacterStatus.swift in Sources */,
				FAEB269E29671D3C00DD4B36 /* RMCharacterGender.swift in Sources */,
				FA91468D2965D433000B7A2B /* RMEpisode.swift in Sources */,
				FAEB26A2296836BA00DD4B36 /* RMGetAllCharactersResponse.swift in Sources */,
				FAEB26AC296856C300DD4B36 /* RMCharacterCollectionViewCellViewModel.swift in Sources */,
				FA9146722965D234000B7A2B /* RMTabViewController.swift in Sources */,
				FA91466E2965D234000B7A2B /* AppDelegate.swift in Sources */,
				FA9146892965D409000B7A2B /* RMLocation.swift in Sources */,
				FAEB26AA296855C400DD4B36 /* RMCharacterCollectionViewCell.swift in Sources */,
				FA9146942965D4D2000B7A2B /* RMEpisodesViewController.swift in Sources */,
				FA9146962965D4E3000B7A2B /* RMSettingsViewController.swift in Sources */,
				FA9EE8A02966CC4B006F35CF /* RMService.swift in Sources */,
				FA9146702965D234000B7A2B /* SceneDelegate.swift in Sources */,
				FAEB26A8296849C900DD4B36 /* Extensions.swift in Sources */,
				FA9EE8A42966CCD2006F35CF /* RMEndpoint.swift in Sources */,
				FA91468B2965D42B000B7A2B /* RMCharacter.swift in Sources */,
				FAEB26A62968452F00DD4B36 /* RMCharacterListView.swift in Sources */,
				FA9EE8A22966CC5B006F35CF /* RMRequest.swift in Sources */,
				FA9146902965D4A7000B7A2B /* RMCharactersViewController.swift in Sources */,
				FAEB26A42968449E00DD4B36 /* RMCharacterListViewModel.swift in Sources */,
				FAEB269829671B2600DD4B36 /* RMOrigin.swift in Sources */,
			);
			runOnlyForDeploymentPostprocessing = 0;
		};
/* End PBXSourcesBuildPhase section */

/* Begin PBXVariantGroup section */
		FA9146782965D236000B7A2B /* LaunchScreen.storyboard */ = {
			isa = PBXVariantGroup;
			children = (
				FA9146792965D236000B7A2B /* Base */,
			);
			name = LaunchScreen.storyboard;
			sourceTree = "<group>";
		};
/* End PBXVariantGroup section */

/* Begin XCBuildConfiguration section */
		FA91467C2965D236000B7A2B /* Debug */ = {
			isa = XCBuildConfiguration;
			buildSettings = {
				ALWAYS_SEARCH_USER_PATHS = NO;
				CLANG_ANALYZER_NONNULL = YES;
				CLANG_ANALYZER_NUMBER_OBJECT_CONVERSION = YES_AGGRESSIVE;
				CLANG_CXX_LANGUAGE_STANDARD = "gnu++20";
				CLANG_ENABLE_MODULES = YES;
				CLANG_ENABLE_OBJC_ARC = YES;
				CLANG_ENABLE_OBJC_WEAK = YES;
				CLANG_WARN_BLOCK_CAPTURE_AUTORELEASING = YES;
				CLANG_WARN_BOOL_CONVERSION = YES;
				CLANG_WARN_COMMA = YES;
				CLANG_WARN_CONSTANT_CONVERSION = YES;
				CLANG_WARN_DEPRECATED_OBJC_IMPLEMENTATIONS = YES;
				CLANG_WARN_DIRECT_OBJC_ISA_USAGE = YES_ERROR;
				CLANG_WARN_DOCUMENTATION_COMMENTS = YES;
				CLANG_WARN_EMPTY_BODY = YES;
				CLANG_WARN_ENUM_CONVERSION = YES;
				CLANG_WARN_INFINITE_RECURSION = YES;
				CLANG_WARN_INT_CONVERSION = YES;
				CLANG_WARN_NON_LITERAL_NULL_CONVERSION = YES;
				CLANG_WARN_OBJC_IMPLICIT_RETAIN_SELF = YES;
				CLANG_WARN_OBJC_LITERAL_CONVERSION = YES;
				CLANG_WARN_OBJC_ROOT_CLASS = YES_ERROR;
				CLANG_WARN_QUOTED_INCLUDE_IN_FRAMEWORK_HEADER = YES;
				CLANG_WARN_RANGE_LOOP_ANALYSIS = YES;
				CLANG_WARN_STRICT_PROTOTYPES = YES;
				CLANG_WARN_SUSPICIOUS_MOVE = YES;
				CLANG_WARN_UNGUARDED_AVAILABILITY = YES_AGGRESSIVE;
				CLANG_WARN_UNREACHABLE_CODE = YES;
				CLANG_WARN__DUPLICATE_METHOD_MATCH = YES;
				COPY_PHASE_STRIP = NO;
				DEBUG_INFORMATION_FORMAT = dwarf;
				ENABLE_STRICT_OBJC_MSGSEND = YES;
				ENABLE_TESTABILITY = YES;
				GCC_C_LANGUAGE_STANDARD = gnu11;
				GCC_DYNAMIC_NO_PIC = NO;
				GCC_NO_COMMON_BLOCKS = YES;
				GCC_OPTIMIZATION_LEVEL = 0;
				GCC_PREPROCESSOR_DEFINITIONS = (
					"DEBUG=1",
					"$(inherited)",
				);
				GCC_WARN_64_TO_32_BIT_CONVERSION = YES;
				GCC_WARN_ABOUT_RETURN_TYPE = YES_ERROR;
				GCC_WARN_UNDECLARED_SELECTOR = YES;
				GCC_WARN_UNINITIALIZED_AUTOS = YES_AGGRESSIVE;
				GCC_WARN_UNUSED_FUNCTION = YES;
				GCC_WARN_UNUSED_VARIABLE = YES;
				IPHONEOS_DEPLOYMENT_TARGET = 14.6;
				MTL_ENABLE_DEBUG_INFO = INCLUDE_SOURCE;
				MTL_FAST_MATH = YES;
				ONLY_ACTIVE_ARCH = YES;
				SDKROOT = iphoneos;
				SWIFT_ACTIVE_COMPILATION_CONDITIONS = DEBUG;
				SWIFT_OPTIMIZATION_LEVEL = "-Onone";
			};
			name = Debug;
		};
		FA91467D2965D236000B7A2B /* Release */ = {
			isa = XCBuildConfiguration;
			buildSettings = {
				ALWAYS_SEARCH_USER_PATHS = NO;
				CLANG_ANALYZER_NONNULL = YES;
				CLANG_ANALYZER_NUMBER_OBJECT_CONVERSION = YES_AGGRESSIVE;
				CLANG_CXX_LANGUAGE_STANDARD = "gnu++20";
				CLANG_ENABLE_MODULES = YES;
				CLANG_ENABLE_OBJC_ARC = YES;
				CLANG_ENABLE_OBJC_WEAK = YES;
				CLANG_WARN_BLOCK_CAPTURE_AUTORELEASING = YES;
				CLANG_WARN_BOOL_CONVERSION = YES;
				CLANG_WARN_COMMA = YES;
				CLANG_WARN_CONSTANT_CONVERSION = YES;
				CLANG_WARN_DEPRECATED_OBJC_IMPLEMENTATIONS = YES;
				CLANG_WARN_DIRECT_OBJC_ISA_USAGE = YES_ERROR;
				CLANG_WARN_DOCUMENTATION_COMMENTS = YES;
				CLANG_WARN_EMPTY_BODY = YES;
				CLANG_WARN_ENUM_CONVERSION = YES;
				CLANG_WARN_INFINITE_RECURSION = YES;
				CLANG_WARN_INT_CONVERSION = YES;
				CLANG_WARN_NON_LITERAL_NULL_CONVERSION = YES;
				CLANG_WARN_OBJC_IMPLICIT_RETAIN_SELF = YES;
				CLANG_WARN_OBJC_LITERAL_CONVERSION = YES;
				CLANG_WARN_OBJC_ROOT_CLASS = YES_ERROR;
				CLANG_WARN_QUOTED_INCLUDE_IN_FRAMEWORK_HEADER = YES;
				CLANG_WARN_RANGE_LOOP_ANALYSIS = YES;
				CLANG_WARN_STRICT_PROTOTYPES = YES;
				CLANG_WARN_SUSPICIOUS_MOVE = YES;
				CLANG_WARN_UNGUARDED_AVAILABILITY = YES_AGGRESSIVE;
				CLANG_WARN_UNREACHABLE_CODE = YES;
				CLANG_WARN__DUPLICATE_METHOD_MATCH = YES;
				COPY_PHASE_STRIP = NO;
				DEBUG_INFORMATION_FORMAT = "dwarf-with-dsym";
				ENABLE_NS_ASSERTIONS = NO;
				ENABLE_STRICT_OBJC_MSGSEND = YES;
				GCC_C_LANGUAGE_STANDARD = gnu11;
				GCC_NO_COMMON_BLOCKS = YES;
				GCC_WARN_64_TO_32_BIT_CONVERSION = YES;
				GCC_WARN_ABOUT_RETURN_TYPE = YES_ERROR;
				GCC_WARN_UNDECLARED_SELECTOR = YES;
				GCC_WARN_UNINITIALIZED_AUTOS = YES_AGGRESSIVE;
				GCC_WARN_UNUSED_FUNCTION = YES;
				GCC_WARN_UNUSED_VARIABLE = YES;
				IPHONEOS_DEPLOYMENT_TARGET = 14.6;
				MTL_ENABLE_DEBUG_INFO = NO;
				MTL_FAST_MATH = YES;
				SDKROOT = iphoneos;
				SWIFT_COMPILATION_MODE = wholemodule;
				SWIFT_OPTIMIZATION_LEVEL = "-O";
				VALIDATE_PRODUCT = YES;
			};
			name = Release;
		};
		FA91467F2965D236000B7A2B /* Debug */ = {
			isa = XCBuildConfiguration;
			buildSettings = {
				ASSETCATALOG_COMPILER_APPICON_NAME = AppIcon;
				ASSETCATALOG_COMPILER_GLOBAL_ACCENT_COLOR_NAME = AccentColor;
				CODE_SIGN_STYLE = Automatic;
				CURRENT_PROJECT_VERSION = 1;
				DEVELOPMENT_TEAM = AFAAV4M63Z;
				GENERATE_INFOPLIST_FILE = YES;
				INFOPLIST_FILE = RickAndMorty/Resources/Info.plist;
				INFOPLIST_KEY_UIApplicationSupportsIndirectInputEvents = YES;
				INFOPLIST_KEY_UILaunchStoryboardName = LaunchScreen;
				INFOPLIST_KEY_UISupportedInterfaceOrientations_iPad = "UIInterfaceOrientationPortrait UIInterfaceOrientationPortraitUpsideDown UIInterfaceOrientationLandscapeLeft UIInterfaceOrientationLandscapeRight";
				INFOPLIST_KEY_UISupportedInterfaceOrientations_iPhone = "UIInterfaceOrientationPortrait UIInterfaceOrientationLandscapeLeft UIInterfaceOrientationLandscapeRight";
				IPHONEOS_DEPLOYMENT_TARGET = 13.0;
				LD_RUNPATH_SEARCH_PATHS = (
					"$(inherited)",
					"@executable_path/Frameworks",
				);
				MARKETING_VERSION = 1.0;
				PRODUCT_BUNDLE_IDENTIFIER = namerei.RickAndMorty;
				PRODUCT_NAME = "$(TARGET_NAME)";
				SWIFT_EMIT_LOC_STRINGS = YES;
				SWIFT_VERSION = 5.0;
				TARGETED_DEVICE_FAMILY = "1,2";
			};
			name = Debug;
		};
		FA9146802965D236000B7A2B /* Release */ = {
			isa = XCBuildConfiguration;
			buildSettings = {
				ASSETCATALOG_COMPILER_APPICON_NAME = AppIcon;
				ASSETCATALOG_COMPILER_GLOBAL_ACCENT_COLOR_NAME = AccentColor;
				CODE_SIGN_STYLE = Automatic;
				CURRENT_PROJECT_VERSION = 1;
				DEVELOPMENT_TEAM = AFAAV4M63Z;
				GENERATE_INFOPLIST_FILE = YES;
				INFOPLIST_FILE = RickAndMorty/Resources/Info.plist;
				INFOPLIST_KEY_UIApplicationSupportsIndirectInputEvents = YES;
				INFOPLIST_KEY_UILaunchStoryboardName = LaunchScreen;
				INFOPLIST_KEY_UISupportedInterfaceOrientations_iPad = "UIInterfaceOrientationPortrait UIInterfaceOrientationPortraitUpsideDown UIInterfaceOrientationLandscapeLeft UIInterfaceOrientationLandscapeRight";
				INFOPLIST_KEY_UISupportedInterfaceOrientations_iPhone = "UIInterfaceOrientationPortrait UIInterfaceOrientationLandscapeLeft UIInterfaceOrientationLandscapeRight";
				IPHONEOS_DEPLOYMENT_TARGET = 13.0;
				LD_RUNPATH_SEARCH_PATHS = (
					"$(inherited)",
					"@executable_path/Frameworks",
				);
				MARKETING_VERSION = 1.0;
				PRODUCT_BUNDLE_IDENTIFIER = namerei.RickAndMorty;
				PRODUCT_NAME = "$(TARGET_NAME)";
				SWIFT_EMIT_LOC_STRINGS = YES;
				SWIFT_VERSION = 5.0;
				TARGETED_DEVICE_FAMILY = "1,2";
			};
			name = Release;
		};
/* End XCBuildConfiguration section */

/* Begin XCConfigurationList section */
		FA9146652965D234000B7A2B /* Build configuration list for PBXProject "RickAndMorty" */ = {
			isa = XCConfigurationList;
			buildConfigurations = (
				FA91467C2965D236000B7A2B /* Debug */,
				FA91467D2965D236000B7A2B /* Release */,
			);
			defaultConfigurationIsVisible = 0;
			defaultConfigurationName = Release;
		};
		FA91467E2965D236000B7A2B /* Build configuration list for PBXNativeTarget "RickAndMorty" */ = {
			isa = XCConfigurationList;
			buildConfigurations = (
				FA91467F2965D236000B7A2B /* Debug */,
				FA9146802965D236000B7A2B /* Release */,
			);
			defaultConfigurationIsVisible = 0;
			defaultConfigurationName = Release;
		};
/* End XCConfigurationList section */
	};
	rootObject = FA9146622965D234000B7A2B /* Project object */;
}
